
Microsoft Visual Studio Solution File, Format Version 12.00
# Visual Studio Version 17
VisualStudioVersion = 17.0.31717.71
MinimumVisualStudioVersion = 10.0.40219.1
Project("{9A19103F-16F7-4668-BE54-9A1E7A4F7556}") = "Introspection.Front.Blazor", "Introspection.Front.Blazor.csproj", "{79FA99A3-F8D3-4526-B8B9-4D5565BEEBB7}"
EndProject
Global
	GlobalSection(SolutionConfigurationPlatforms) = preSolution
		Debug|Any CPU = Debug|Any CPU
		Release|Any CPU = Release|Any CPU
	EndGlobalSection
	GlobalSection(ProjectConfigurationPlatforms) = postSolution
		{79FA99A3-F8D3-4526-B8B9-4D5565BEEBB7}.Debug|Any CPU.ActiveCfg = Debug|Any CPU
		{79FA99A3-F8D3-4526-B8B9-4D5565BEEBB7}.Debug|Any CPU.Build.0 = Debug|Any CPU
		{79FA99A3-F8D3-4526-B8B9-4D5565BEEBB7}.Release|Any CPU.ActiveCfg = Release|Any CPU
		{79FA99A3-F8D3-4526-B8B9-4D5565BEEBB7}.Release|Any CPU.Build.0 = Release|Any CPU
	EndGlobalSection
	GlobalSection(SolutionProperties) = preSolution
		HideSolutionNode = FALSE
	EndGlobalSection
	GlobalSection(ExtensibilityGlobals) = postSolution
		SolutionGuid = {0283879F-2F01-4222-ACDE-AA5043FA7E3C}
	EndGlobalSection
EndGlobal